
Microsoft Visual Studio Solution File, Format Version 12.00
# Visual Studio Version 17
VisualStudioVersion = 17.5.002.0
MinimumVisualStudioVersion = 10.0.40219.1
Project("{2150E333-8FDC-42A3-9474-1A3956D46DE8}") = "C#", "C#", "{582578FF-1D12-47D6-B452-9D1869A6EBA2}"
EndProject
Project("{2150E333-8FDC-42A3-9474-1A3956D46DE8}") = "PrintVehicleInventory", "PrintVehicleInventory", "{CA3A0DFC-950F-487A-A297-25406C2486F8}"
EndProject
Project("{9A19103F-16F7-4668-BE54-9A1E7A4F7556}") = "PrintVehicleInventory", "C#\PrintVehicleInventory\SourceCode\PrintVehicleInventory.csproj", "{B636D1DB-3244-4EE6-865E-52850EA2F9EC}"
EndProject
Global
	GlobalSection(SolutionConfigurationPlatforms) = preSolution
		Debug|Any CPU = Debug|Any CPU
		Release|Any CPU = Release|Any CPU
	EndGlobalSection
	GlobalSection(ProjectConfigurationPlatforms) = postSolution
		{B636D1DB-3244-4EE6-865E-52850EA2F9EC}.Debug|Any CPU.ActiveCfg = Debug|Any CPU
		{B636D1DB-3244-4EE6-865E-52850EA2F9EC}.Debug|Any CPU.Build.0 = Debug|Any CPU
		{B636D1DB-3244-4EE6-865E-52850EA2F9EC}.Release|Any CPU.ActiveCfg = Release|Any CPU
		{B636D1DB-3244-4EE6-865E-52850EA2F9EC}.Release|Any CPU.Build.0 = Release|Any CPU
	EndGlobalSection
	GlobalSection(SolutionProperties) = preSolution
		HideSolutionNode = FALSE
	EndGlobalSection
	GlobalSection(NestedProjects) = preSolution
		{CA3A0DFC-950F-487A-A297-25406C2486F8} = {582578FF-1D12-47D6-B452-9D1869A6EBA2}
		{B636D1DB-3244-4EE6-865E-52850EA2F9EC} = {CA3A0DFC-950F-487A-A297-25406C2486F8}
	EndGlobalSection
	GlobalSection(ExtensibilityGlobals) = postSolution
		SolutionGuid = {46B22C58-8C6B-48E8-952B-935D18AFBF9A}
	EndGlobalSection
EndGlobal
